
Microsoft Visual Studio Solution File, Format Version 12.00
# Visual Studio Version 17
VisualStudioVersion = 17.9.34622.214
MinimumVisualStudioVersion = 10.0.40219.1
Project("{9A19103F-16F7-4668-BE54-9A1E7A4F7556}") = "4.1_ExamineList", "ExamineList2\4.1_ExamineList.csproj", "{99F66664-12E7-45EE-B90C-FC943345E130}"
EndProject
Global
	GlobalSection(SolutionConfigurationPlatforms) = preSolution
		Debug|Any CPU = Debug|Any CPU
		Release|Any CPU = Release|Any CPU
	EndGlobalSection
	GlobalSection(ProjectConfigurationPlatforms) = postSolution
		{99F66664-12E7-45EE-B90C-FC943345E130}.Debug|Any CPU.ActiveCfg = Debug|Any CPU
		{99F66664-12E7-45EE-B90C-FC943345E130}.Debug|Any CPU.Build.0 = Debug|Any CPU
		{99F66664-12E7-45EE-B90C-FC943345E130}.Release|Any CPU.ActiveCfg = Release|Any CPU
		{99F66664-12E7-45EE-B90C-FC943345E130}.Release|Any CPU.Build.0 = Release|Any CPU
	EndGlobalSection
	GlobalSection(SolutionProperties) = preSolution
		HideSolutionNode = FALSE
	EndGlobalSection
	GlobalSection(ExtensibilityGlobals) = postSolution
		SolutionGuid = {293C3CB2-8FDF-4B27-8802-A09837DEE3F4}
	EndGlobalSection
EndGlobal
